
Microsoft Visual Studio Solution File, Format Version 12.00
# Visual Studio Version 16
VisualStudioVersion = 16.0.29326.143
MinimumVisualStudioVersion = 10.0.40219.1
Project("{8BC9CEB8-8B4A-11D0-8D11-00A0C91BC942}") = "Font size", "Font size.vcxproj", "{9A747771-A831-48A0-95C7-38C6DBECF809}"
EndProject
Global
	GlobalSection(SolutionConfigurationPlatforms) = preSolution
		Debug|x64 = Debug|x64
		Debug|x86 = Debug|x86
		Release|x64 = Release|x64
		Release|x86 = Release|x86
	EndGlobalSection
	GlobalSection(ProjectConfigurationPlatforms) = postSolution
		{9A747771-A831-48A0-95C7-38C6DBECF809}.Debug|x64.ActiveCfg = Debug|x64
		{9A747771-A831-48A0-95C7-38C6DBECF809}.Debug|x64.Build.0 = Debug|x64
		{9A747771-A831-48A0-95C7-38C6DBECF809}.Debug|x86.ActiveCfg = Debug|Win32
		{9A747771-A831-48A0-95C7-38C6DBECF809}.Debug|x86.Build.0 = Debug|Win32
		{9A747771-A831-48A0-95C7-38C6DBECF809}.Release|x64.ActiveCfg = Release|x64
		{9A747771-A831-48A0-95C7-38C6DBECF809}.Release|x64.Build.0 = Release|x64
		{9A747771-A831-48A0-95C7-38C6DBECF809}.Release|x86.ActiveCfg = Release|Win32
		{9A747771-A831-48A0-95C7-38C6DBECF809}.Release|x86.Build.0 = Release|Win32
	EndGlobalSection
	GlobalSection(SolutionProperties) = preSolution
		HideSolutionNode = FALSE
	EndGlobalSection
	GlobalSection(ExtensibilityGlobals) = postSolution
		SolutionGuid = {A7B179D7-F750-4298-8429-9CE1E9F8FF68}
	EndGlobalSection
EndGlobal
